
Microsoft Visual Studio Solution File, Format Version 12.00
# Visual Studio 2013
VisualStudioVersion = 12.0.30110.0
MinimumVisualStudioVersion = 10.0.40219.1
Project("{FAE04EC0-301F-11D3-BF4B-00C04F79EFBC}") = "AzureDataEaseOfUse", "AzureDataEaseOfUse\AzureDataEaseOfUse.csproj", "{0F389872-4583-4723-BC7C-63CC80AF07F2}"
EndProject
Project("{FAE04EC0-301F-11D3-BF4B-00C04F79EFBC}") = "AzureDataEaseOfUse.Tests", "AzureDataEaseOfUse.Tests\AzureDataEaseOfUse.Tests.csproj", "{D3417C9F-5719-4DC1-A150-53CE1E66990C}"
EndProject
Global
	GlobalSection(SolutionConfigurationPlatforms) = preSolution
		Debug|Any CPU = Debug|Any CPU
		Release|Any CPU = Release|Any CPU
	EndGlobalSection
	GlobalSection(ProjectConfigurationPlatforms) = postSolution
		{0F389872-4583-4723-BC7C-63CC80AF07F2}.Debug|Any CPU.ActiveCfg = Debug|Any CPU
		{0F389872-4583-4723-BC7C-63CC80AF07F2}.Debug|Any CPU.Build.0 = Debug|Any CPU
		{0F389872-4583-4723-BC7C-63CC80AF07F2}.Release|Any CPU.ActiveCfg = Release|Any CPU
		{0F389872-4583-4723-BC7C-63CC80AF07F2}.Release|Any CPU.Build.0 = Release|Any CPU
		{D3417C9F-5719-4DC1-A150-53CE1E66990C}.Debug|Any CPU.ActiveCfg = Debug|Any CPU
		{D3417C9F-5719-4DC1-A150-53CE1E66990C}.Debug|Any CPU.Build.0 = Debug|Any CPU
		{D3417C9F-5719-4DC1-A150-53CE1E66990C}.Release|Any CPU.ActiveCfg = Release|Any CPU
		{D3417C9F-5719-4DC1-A150-53CE1E66990C}.Release|Any CPU.Build.0 = Release|Any CPU
	EndGlobalSection
	GlobalSection(SolutionProperties) = preSolution
		HideSolutionNode = FALSE
	EndGlobalSection
EndGlobal
