
Microsoft Visual Studio Solution File, Format Version 12.00
# Visual Studio 14
VisualStudioVersion = 14.0.25123.0
MinimumVisualStudioVersion = 10.0.40219.1
Project("{FAE04EC0-301F-11D3-BF4B-00C04F79EFBC}") = "Azure.IO", "Azure.IO\Azure.IO.csproj", "{1BCC1F73-D12B-43B3-9C41-510424FD8C4F}"
EndProject
Project("{FAE04EC0-301F-11D3-BF4B-00C04F79EFBC}") = "Azure.IO.Tests", "Azure.IO.Tests\Azure.IO.Tests.csproj", "{B8589CAC-F6F0-45F9-99E1-106BFBC090B7}"
EndProject
Project("{FAE04EC0-301F-11D3-BF4B-00C04F79EFBC}") = "Azure.IO.Examples", "Azure.IO.Examples\Azure.IO.Examples.csproj", "{C08642B3-2372-45AF-81F8-84BA65449D5C}"
EndProject
Global
	GlobalSection(SolutionConfigurationPlatforms) = preSolution
		Debug|Any CPU = Debug|Any CPU
		Release|Any CPU = Release|Any CPU
	EndGlobalSection
	GlobalSection(ProjectConfigurationPlatforms) = postSolution
		{1BCC1F73-D12B-43B3-9C41-510424FD8C4F}.Debug|Any CPU.ActiveCfg = Debug|Any CPU
		{1BCC1F73-D12B-43B3-9C41-510424FD8C4F}.Debug|Any CPU.Build.0 = Debug|Any CPU
		{1BCC1F73-D12B-43B3-9C41-510424FD8C4F}.Release|Any CPU.ActiveCfg = Release|Any CPU
		{1BCC1F73-D12B-43B3-9C41-510424FD8C4F}.Release|Any CPU.Build.0 = Release|Any CPU
		{B8589CAC-F6F0-45F9-99E1-106BFBC090B7}.Debug|Any CPU.ActiveCfg = Debug|Any CPU
		{B8589CAC-F6F0-45F9-99E1-106BFBC090B7}.Debug|Any CPU.Build.0 = Debug|Any CPU
		{B8589CAC-F6F0-45F9-99E1-106BFBC090B7}.Release|Any CPU.ActiveCfg = Release|Any CPU
		{B8589CAC-F6F0-45F9-99E1-106BFBC090B7}.Release|Any CPU.Build.0 = Release|Any CPU
		{C08642B3-2372-45AF-81F8-84BA65449D5C}.Debug|Any CPU.ActiveCfg = Debug|Any CPU
		{C08642B3-2372-45AF-81F8-84BA65449D5C}.Debug|Any CPU.Build.0 = Debug|Any CPU
		{C08642B3-2372-45AF-81F8-84BA65449D5C}.Release|Any CPU.ActiveCfg = Release|Any CPU
		{C08642B3-2372-45AF-81F8-84BA65449D5C}.Release|Any CPU.Build.0 = Release|Any CPU
	EndGlobalSection
	GlobalSection(SolutionProperties) = preSolution
		HideSolutionNode = FALSE
	EndGlobalSection
EndGlobal
